
Microsoft Visual Studio Solution File, Format Version 12.00
# Visual Studio 2013
VisualStudioVersion = 12.0.21005.1
MinimumVisualStudioVersion = 10.0.40219.1
Project("{8BC9CEB8-8B4A-11D0-8D11-00A0C91BC942}") = "SMT", "SMT.vcxproj", "{18942E02-00AA-40D6-A7F4-68FDE7433D53}"
EndProject
Project("{8BC9CEB8-8B4A-11D0-8D11-00A0C91BC942}") = "unittests", "..\unittests\unittests.vcxproj", "{A6080EF9-2AED-4B2D-A4CC-42517C2127B9}"
EndProject
Global
	GlobalSection(SolutionConfigurationPlatforms) = preSolution
		Debug|Win32 = Debug|Win32
		Release|Win32 = Release|Win32
	EndGlobalSection
	GlobalSection(ProjectConfigurationPlatforms) = postSolution
		{18942E02-00AA-40D6-A7F4-68FDE7433D53}.Debug|Win32.ActiveCfg = Debug|Win32
		{18942E02-00AA-40D6-A7F4-68FDE7433D53}.Debug|Win32.Build.0 = Debug|Win32
		{18942E02-00AA-40D6-A7F4-68FDE7433D53}.Release|Win32.ActiveCfg = Release|Win32
		{18942E02-00AA-40D6-A7F4-68FDE7433D53}.Release|Win32.Build.0 = Release|Win32
		{A6080EF9-2AED-4B2D-A4CC-42517C2127B9}.Debug|Win32.ActiveCfg = Debug|Win32
		{A6080EF9-2AED-4B2D-A4CC-42517C2127B9}.Debug|Win32.Build.0 = Debug|Win32
		{A6080EF9-2AED-4B2D-A4CC-42517C2127B9}.Release|Win32.ActiveCfg = Release|Win32
		{A6080EF9-2AED-4B2D-A4CC-42517C2127B9}.Release|Win32.Build.0 = Release|Win32
	EndGlobalSection
	GlobalSection(SolutionProperties) = preSolution
		HideSolutionNode = FALSE
	EndGlobalSection
EndGlobal
